// !$*UTF8*$!
{
	archiveVersion = 1;
	classes = {
	};
	objectVersion = 46;
	objects = {

/* Begin PBXBuildFile section */
		F4AED2B21D77B3D600E411DD /* IntroViewController.m in Sources */ = {isa = PBXBuildFile; fileRef = F4AED2B11D77B3D600E411DD /* IntroViewController.m */; };
		F4AED2B51D77B50B00E411DD /* Declarations.m in Sources */ = {isa = PBXBuildFile; fileRef = F4AED2B41D77B50B00E411DD /* Declarations.m */; };
		F4F745ED1D769B6E00164B49 /* main.m in Sources */ = {isa = PBXBuildFile; fileRef = F4F745EC1D769B6E00164B49 /* main.m */; };
		F4F745F01D769B6E00164B49 /* AppDelegate.m in Sources */ = {isa = PBXBuildFile; fileRef = F4F745EF1D769B6E00164B49 /* AppDelegate.m */; };
		F4F745F31D769B6E00164B49 /* Start.m in Sources */ = {isa = PBXBuildFile; fileRef = F4F745F21D769B6E00164B49 /* Start.m */; };
		F4F745F61D769B6E00164B49 /* Main.storyboard in Resources */ = {isa = PBXBuildFile; fileRef = F4F745F41D769B6E00164B49 /* Main.storyboard */; };
		F4F745F91D769B6E00164B49 /* Intro_Table.xcdatamodeld in Sources */ = {isa = PBXBuildFile; fileRef = F4F745F71D769B6E00164B49 /* Intro_Table.xcdatamodeld */; };
		F4F745FB1D769B6E00164B49 /* Assets.xcassets in Resources */ = {isa = PBXBuildFile; fileRef = F4F745FA1D769B6E00164B49 /* Assets.xcassets */; };
		F4F745FE1D769B6E00164B49 /* LaunchScreen.storyboard in Resources */ = {isa = PBXBuildFile; fileRef = F4F745FC1D769B6E00164B49 /* LaunchScreen.storyboard */; };
/* End PBXBuildFile section */

/* Begin PBXFileReference section */
		F4AED2B01D77B3D600E411DD /* IntroViewController.h */ = {isa = PBXFileReference; fileEncoding = 4; lastKnownFileType = sourcecode.c.h; path = IntroViewController.h; sourceTree = "<group>"; };
		F4AED2B11D77B3D600E411DD /* IntroViewController.m */ = {isa = PBXFileReference; fileEncoding = 4; lastKnownFileType = sourcecode.c.objc; path = IntroViewController.m; sourceTree = "<group>"; };
		F4AED2B31D77B50B00E411DD /* Declarations.h */ = {isa = PBXFileReference; fileEncoding = 4; lastKnownFileType = sourcecode.c.h; path = Declarations.h; sourceTree = "<group>"; };
		F4AED2B41D77B50B00E411DD /* Declarations.m */ = {isa = PBXFileReference; fileEncoding = 4; lastKnownFileType = sourcecode.c.objc; path = Declarations.m; sourceTree = "<group>"; };
		F4F745E81D769B6E00164B49 /* Intro Table.app */ = {isa = PBXFileReference; explicitFileType = wrapper.application; includeInIndex = 0; path = "Intro Table.app"; sourceTree = BUILT_PRODUCTS_DIR; };
		F4F745EC1D769B6E00164B49 /* main.m */ = {isa = PBXFileReference; lastKnownFileType = sourcecode.c.objc; path = main.m; sourceTree = "<group>"; };
		F4F745EE1D769B6E00164B49 /* AppDelegate.h */ = {isa = PBXFileReference; lastKnownFileType = sourcecode.c.h; path = AppDelegate.h; sourceTree = "<group>"; };
		F4F745EF1D769B6E00164B49 /* AppDelegate.m */ = {isa = PBXFileReference; lastKnownFileType = sourcecode.c.objc; path = AppDelegate.m; sourceTree = "<group>"; };
		F4F745F11D769B6E00164B49 /* Start.h */ = {isa = PBXFileReference; lastKnownFileType = sourcecode.c.h; path = Start.h; sourceTree = "<group>"; };
		F4F745F21D769B6E00164B49 /* Start.m */ = {isa = PBXFileReference; lastKnownFileType = sourcecode.c.objc; path = Start.m; sourceTree = "<group>"; };
		F4F745F51D769B6E00164B49 /* Base */ = {isa = PBXFileReference; lastKnownFileType = file.storyboard; name = Base; path = Base.lproj/Main.storyboard; sourceTree = "<group>"; };
		F4F745F81D769B6E00164B49 /* Intro_Table.xcdatamodel */ = {isa = PBXFileReference; lastKnownFileType = wrapper.xcdatamodel; path = Intro_Table.xcdatamodel; sourceTree = "<group>"; };
		F4F745FA1D769B6E00164B49 /* Assets.xcassets */ = {isa = PBXFileReference; lastKnownFileType = folder.assetcatalog; path = Assets.xcassets; sourceTree = "<group>"; };
		F4F745FD1D769B6E00164B49 /* Base */ = {isa = PBXFileReference; lastKnownFileType = file.storyboard; name = Base; path = Base.lproj/LaunchScreen.storyboard; sourceTree = "<group>"; };
		F4F745FF1D769B6E00164B49 /* Info.plist */ = {isa = PBXFileReference; lastKnownFileType = text.plist.xml; path = Info.plist; sourceTree = "<group>"; };
/* End PBXFileReference section */

/* Begin PBXFrameworksBuildPhase section */
		F4F745E51D769B6E00164B49 /* Frameworks */ = {
			isa = PBXFrameworksBuildPhase;
			buildActionMask = 2147483647;
			files = (
			);
			runOnlyForDeploymentPostprocessing = 0;
		};
/* End PBXFrameworksBuildPhase section */

/* Begin PBXGroup section */
		F469A7641D76E39B002FA37B /* Main */ = {
			isa = PBXGroup;
			children = (
				F4F745EE1D769B6E00164B49 /* AppDelegate.h */,
				F4F745EF1D769B6E00164B49 /* AppDelegate.m */,
				F4AED2B31D77B50B00E411DD /* Declarations.h */,
				F4AED2B41D77B50B00E411DD /* Declarations.m */,
			);
			name = Main;
			sourceTree = "<group>";
		};
		F469A7651D76E3A7002FA37B /* Controllers */ = {
			isa = PBXGroup;
			children = (
				F4F745F11D769B6E00164B49 /* Start.h */,
				F4F745F21D769B6E00164B49 /* Start.m */,
				F4AED2B01D77B3D600E411DD /* IntroViewController.h */,
				F4AED2B11D77B3D600E411DD /* IntroViewController.m */,
			);
			name = Controllers;
			sourceTree = "<group>";
		};
		F4F745DF1D769B6E00164B49 = {
			isa = PBXGroup;
			children = (
				F4F745EA1D769B6E00164B49 /* Intro Table */,
				F4F745E91D769B6E00164B49 /* Products */,
			);
			sourceTree = "<group>";
		};
		F4F745E91D769B6E00164B49 /* Products */ = {
			isa = PBXGroup;
			children = (
				F4F745E81D769B6E00164B49 /* Intro Table.app */,
			);
			name = Products;
			sourceTree = "<group>";
		};
		F4F745EA1D769B6E00164B49 /* Intro Table */ = {
			isa = PBXGroup;
			children = (
				F469A7641D76E39B002FA37B /* Main */,
				F469A7651D76E3A7002FA37B /* Controllers */,
				F4F745F41D769B6E00164B49 /* Main.storyboard */,
				F4F745FA1D769B6E00164B49 /* Assets.xcassets */,
				F4F745FC1D769B6E00164B49 /* LaunchScreen.storyboard */,
				F4F745FF1D769B6E00164B49 /* Info.plist */,
				F4F745F71D769B6E00164B49 /* Intro_Table.xcdatamodeld */,
				F4F745EB1D769B6E00164B49 /* Supporting Files */,
			);
			path = "Intro Table";
			sourceTree = "<group>";
		};
		F4F745EB1D769B6E00164B49 /* Supporting Files */ = {
			isa = PBXGroup;
			children = (
				F4F745EC1D769B6E00164B49 /* main.m */,
			);
			name = "Supporting Files";
			sourceTree = "<group>";
		};
/* End PBXGroup section */

/* Begin PBXNativeTarget section */
		F4F745E71D769B6E00164B49 /* Intro Table */ = {
			isa = PBXNativeTarget;
			buildConfigurationList = F4F746021D769B6E00164B49 /* Build configuration list for PBXNativeTarget "Intro Table" */;
			buildPhases = (
				F4F745E41D769B6E00164B49 /* Sources */,
				F4F745E51D769B6E00164B49 /* Frameworks */,
				F4F745E61D769B6E00164B49 /* Resources */,
			);
			buildRules = (
			);
			dependencies = (
			);
			name = "Intro Table";
			productName = "Intro Table";
			productReference = F4F745E81D769B6E00164B49 /* Intro Table.app */;
			productType = "com.apple.product-type.application";
		};
/* End PBXNativeTarget section */

/* Begin PBXProject section */
		F4F745E01D769B6E00164B49 /* Project object */ = {
			isa = PBXProject;
			attributes = {
				LastUpgradeCheck = 0730;
				ORGANIZATIONNAME = KaVa;
				TargetAttributes = {
					F4F745E71D769B6E00164B49 = {
						CreatedOnToolsVersion = 7.3.1;
					};
				};
			};
			buildConfigurationList = F4F745E31D769B6E00164B49 /* Build configuration list for PBXProject "Intro Table" */;
			compatibilityVersion = "Xcode 3.2";
			developmentRegion = English;
			hasScannedForEncodings = 0;
			knownRegions = (
				en,
				Base,
			);
			mainGroup = F4F745DF1D769B6E00164B49;
			productRefGroup = F4F745E91D769B6E00164B49 /* Products */;
			projectDirPath = "";
			projectRoot = "";
			targets = (
				F4F745E71D769B6E00164B49 /* Intro Table */,
			);
		};
/* End PBXProject section */

/* Begin PBXResourcesBuildPhase section */
		F4F745E61D769B6E00164B49 /* Resources */ = {
			isa = PBXResourcesBuildPhase;
			buildActionMask = 2147483647;
			files = (
				F4F745FE1D769B6E00164B49 /* LaunchScreen.storyboard in Resources */,
				F4F745FB1D769B6E00164B49 /* Assets.xcassets in Resources */,
				F4F745F61D769B6E00164B49 /* Main.storyboard in Resources */,
			);
			runOnlyForDeploymentPostprocessing = 0;
		};
/* End PBXResourcesBuildPhase section */

/* Begin PBXSourcesBuildPhase section */
		F4F745E41D769B6E00164B49 /* Sources */ = {
			isa = PBXSourcesBuildPhase;
			buildActionMask = 2147483647;
			files = (
				F4F745F31D769B6E00164B49 /* Start.m in Sources */,
				F4F745F01D769B6E00164B49 /* AppDelegate.m in Sources */,
				F4AED2B51D77B50B00E411DD /* Declarations.m in Sources */,
				F4F745ED1D769B6E00164B49 /* main.m in Sources */,
				F4F745F91D769B6E00164B49 /* Intro_Table.xcdatamodeld in Sources */,
				F4AED2B21D77B3D600E411DD /* IntroViewController.m in Sources */,
			);
			runOnlyForDeploymentPostprocessing = 0;
		};
/* End PBXSourcesBuildPhase section */

/* Begin PBXVariantGroup section */
		F4F745F41D769B6E00164B49 /* Main.storyboard */ = {
			isa = PBXVariantGroup;
			children = (
				F4F745F51D769B6E00164B49 /* Base */,
			);
			name = Main.storyboard;
			sourceTree = "<group>";
		};
		F4F745FC1D769B6E00164B49 /* LaunchScreen.storyboard */ = {
			isa = PBXVariantGroup;
			children = (
				F4F745FD1D769B6E00164B49 /* Base */,
			);
			name = LaunchScreen.storyboard;
			sourceTree = "<group>";
		};
/* End PBXVariantGroup section */

/* Begin XCBuildConfiguration section */
		F4F746001D769B6E00164B49 /* Debug */ = {
			isa = XCBuildConfiguration;
			buildSettings = {
				ALWAYS_SEARCH_USER_PATHS = NO;
				CLANG_ANALYZER_NONNULL = YES;
				CLANG_CXX_LANGUAGE_STANDARD = "gnu++0x";
				CLANG_CXX_LIBRARY = "libc++";
				CLANG_ENABLE_MODULES = YES;
				CLANG_ENABLE_OBJC_ARC = YES;
				CLANG_WARN_BOOL_CONVERSION = YES;
				CLANG_WARN_CONSTANT_CONVERSION = YES;
				CLANG_WARN_DIRECT_OBJC_ISA_USAGE = YES_ERROR;
				CLANG_WARN_EMPTY_BODY = YES;
				CLANG_WARN_ENUM_CONVERSION = YES;
				CLANG_WARN_INT_CONVERSION = YES;
				CLANG_WARN_OBJC_ROOT_CLASS = YES_ERROR;
				CLANG_WARN_UNREACHABLE_CODE = YES;
				CLANG_WARN__DUPLICATE_METHOD_MATCH = YES;
				"CODE_SIGN_IDENTITY[sdk=iphoneos*]" = "iPhone Developer";
				COPY_PHASE_STRIP = NO;
				DEBUG_INFORMATION_FORMAT = dwarf;
				ENABLE_STRICT_OBJC_MSGSEND = YES;
				ENABLE_TESTABILITY = YES;
				GCC_C_LANGUAGE_STANDARD = gnu99;
				GCC_DYNAMIC_NO_PIC = NO;
				GCC_NO_COMMON_BLOCKS = YES;
				GCC_OPTIMIZATION_LEVEL = 0;
				GCC_PREPROCESSOR_DEFINITIONS = (
					"DEBUG=1",
					"$(inherited)",
				);
				GCC_WARN_64_TO_32_BIT_CONVERSION = YES;
				GCC_WARN_ABOUT_RETURN_TYPE = YES_ERROR;
				GCC_WARN_UNDECLARED_SELECTOR = YES;
				GCC_WARN_UNINITIALIZED_AUTOS = YES_AGGRESSIVE;
				GCC_WARN_UNUSED_FUNCTION = YES;
				GCC_WARN_UNUSED_VARIABLE = YES;
				IPHONEOS_DEPLOYMENT_TARGET = 9.3;
				MTL_ENABLE_DEBUG_INFO = YES;
				ONLY_ACTIVE_ARCH = YES;
				SDKROOT = iphoneos;
			};
			name = Debug;
		};
		F4F746011D769B6E00164B49 /* Release */ = {
			isa = XCBuildConfiguration;
			buildSettings = {
				ALWAYS_SEARCH_USER_PATHS = NO;
				CLANG_ANALYZER_NONNULL = YES;
				CLANG_CXX_LANGUAGE_STANDARD = "gnu++0x";
				CLANG_CXX_LIBRARY = "libc++";
				CLANG_ENABLE_MODULES = YES;
				CLANG_ENABLE_OBJC_ARC = YES;
				CLANG_WARN_BOOL_CONVERSION = YES;
				CLANG_WARN_CONSTANT_CONVERSION = YES;
				CLANG_WARN_DIRECT_OBJC_ISA_USAGE = YES_ERROR;
				CLANG_WARN_EMPTY_BODY = YES;
				CLANG_WARN_ENUM_CONVERSION = YES;
				CLANG_WARN_INT_CONVERSION = YES;
				CLANG_WARN_OBJC_ROOT_CLASS = YES_ERROR;
				CLANG_WARN_UNREACHABLE_CODE = YES;
				CLANG_WARN__DUPLICATE_METHOD_MATCH = YES;
				"CODE_SIGN_IDENTITY[sdk=iphoneos*]" = "iPhone Developer";
				COPY_PHASE_STRIP = NO;
				DEBUG_INFORMATION_FORMAT = "dwarf-with-dsym";
				ENABLE_NS_ASSERTIONS = NO;
				ENABLE_STRICT_OBJC_MSGSEND = YES;
				GCC_C_LANGUAGE_STANDARD = gnu99;
				GCC_NO_COMMON_BLOCKS = YES;
				GCC_WARN_64_TO_32_BIT_CONVERSION = YES;
				GCC_WARN_ABOUT_RETURN_TYPE = YES_ERROR;
				GCC_WARN_UNDECLARED_SELECTOR = YES;
				GCC_WARN_UNINITIALIZED_AUTOS = YES_AGGRESSIVE;
				GCC_WARN_UNUSED_FUNCTION = YES;
				GCC_WARN_UNUSED_VARIABLE = YES;
				IPHONEOS_DEPLOYMENT_TARGET = 9.3;
				MTL_ENABLE_DEBUG_INFO = NO;
				SDKROOT = iphoneos;
				VALIDATE_PRODUCT = YES;
			};
			name = Release;
		};
		F4F746031D769B6E00164B49 /* Debug */ = {
			isa = XCBuildConfiguration;
			buildSettings = {
				ASSETCATALOG_COMPILER_APPICON_NAME = AppIcon;
				INFOPLIST_FILE = "Intro Table/Info.plist";
				LD_RUNPATH_SEARCH_PATHS = "$(inherited) @executable_path/Frameworks";
				PRODUCT_BUNDLE_IDENTIFIER = "com.KaVa.Intro-Table";
				PRODUCT_NAME = "$(TARGET_NAME)";
			};
			name = Debug;
		};
		F4F746041D769B6E00164B49 /* Release */ = {
			isa = XCBuildConfiguration;
			buildSettings = {
				ASSETCATALOG_COMPILER_APPICON_NAME = AppIcon;
				INFOPLIST_FILE = "Intro Table/Info.plist";
				LD_RUNPATH_SEARCH_PATHS = "$(inherited) @executable_path/Frameworks";
				PRODUCT_BUNDLE_IDENTIFIER = "com.KaVa.Intro-Table";
				PRODUCT_NAME = "$(TARGET_NAME)";
			};
			name = Release;
		};
/* End XCBuildConfiguration section */

/* Begin XCConfigurationList section */
		F4F745E31D769B6E00164B49 /* Build configuration list for PBXProject "Intro Table" */ = {
			isa = XCConfigurationList;
			buildConfigurations = (
				F4F746001D769B6E00164B49 /* Debug */,
				F4F746011D769B6E00164B49 /* Release */,
			);
			defaultConfigurationIsVisible = 0;
			defaultConfigurationName = Release;
		};
		F4F746021D769B6E00164B49 /* Build configuration list for PBXNativeTarget "Intro Table" */ = {
			isa = XCConfigurationList;
			buildConfigurations = (
				F4F746031D769B6E00164B49 /* Debug */,
				F4F746041D769B6E00164B49 /* Release */,
			);
			defaultConfigurationIsVisible = 0;
			defaultConfigurationName = Release;
		};
/* End XCConfigurationList section */

/* Begin XCVersionGroup section */
		F4F745F71D769B6E00164B49 /* Intro_Table.xcdatamodeld */ = {
			isa = XCVersionGroup;
			children = (
				F4F745F81D769B6E00164B49 /* Intro_Table.xcdatamodel */,
			);
			currentVersion = F4F745F81D769B6E00164B49 /* Intro_Table.xcdatamodel */;
			path = Intro_Table.xcdatamodeld;
			sourceTree = "<group>";
			versionGroupType = wrapper.xcdatamodel;
		};
/* End XCVersionGroup section */
	};
	rootObject = F4F745E01D769B6E00164B49 /* Project object */;
}
